
Microsoft Visual Studio Solution File, Format Version 12.00
# Visual Studio Version 16
VisualStudioVersion = 16.0.30524.135
MinimumVisualStudioVersion = 10.0.40219.1
Project("{8BC9CEB8-8B4A-11D0-8D11-00A0C91BC942}") = "Ulman_2_2", "Ulman_2_2\Ulman_2_2.vcxproj", "{1E8808FF-5EC7-4544-93B0-4B257E4C2107}"
EndProject
Global
	GlobalSection(SolutionConfigurationPlatforms) = preSolution
		Debug|x64 = Debug|x64
		Debug|x86 = Debug|x86
		Release|x64 = Release|x64
		Release|x86 = Release|x86
	EndGlobalSection
	GlobalSection(ProjectConfigurationPlatforms) = postSolution
		{1E8808FF-5EC7-4544-93B0-4B257E4C2107}.Debug|x64.ActiveCfg = Debug|x64
		{1E8808FF-5EC7-4544-93B0-4B257E4C2107}.Debug|x64.Build.0 = Debug|x64
		{1E8808FF-5EC7-4544-93B0-4B257E4C2107}.Debug|x86.ActiveCfg = Debug|Win32
		{1E8808FF-5EC7-4544-93B0-4B257E4C2107}.Debug|x86.Build.0 = Debug|Win32
		{1E8808FF-5EC7-4544-93B0-4B257E4C2107}.Release|x64.ActiveCfg = Release|x64
		{1E8808FF-5EC7-4544-93B0-4B257E4C2107}.Release|x64.Build.0 = Release|x64
		{1E8808FF-5EC7-4544-93B0-4B257E4C2107}.Release|x86.ActiveCfg = Release|Win32
		{1E8808FF-5EC7-4544-93B0-4B257E4C2107}.Release|x86.Build.0 = Release|Win32
	EndGlobalSection
	GlobalSection(SolutionProperties) = preSolution
		HideSolutionNode = FALSE
	EndGlobalSection
	GlobalSection(ExtensibilityGlobals) = postSolution
		SolutionGuid = {B09894F9-AA92-46CC-BF91-235F4EB7B71B}
	EndGlobalSection
EndGlobal
